// !$*UTF8*$!
{
	archiveVersion = 1;
	classes = {
	};
	objectVersion = 50;
	objects = {

/* Begin PBXBuildFile section */
		336A5DB3257A9166001593B7 /* GXAnimationPushEdgeDelegate.swift in Sources */ = {isa = PBXBuildFile; fileRef = 336A5DB2257A9166001593B7 /* GXAnimationPushEdgeDelegate.swift */; };
		336A5DB8257A96EA001593B7 /* GXAnimationPushAllDelegate.swift in Sources */ = {isa = PBXBuildFile; fileRef = 336A5DB7257A96EA001593B7 /* GXAnimationPushAllDelegate.swift */; };
		336A5DC0257A9900001593B7 /* GXAnimationSectorDelegate.swift in Sources */ = {isa = PBXBuildFile; fileRef = 336A5DBF257A9900001593B7 /* GXAnimationSectorDelegate.swift */; };
		338EB55F25661107001CFD67 /* OneViewController.swift in Sources */ = {isa = PBXBuildFile; fileRef = 338EB55D25661107001CFD67 /* OneViewController.swift */; };
		338EB56025661107001CFD67 /* OneViewController.xib in Resources */ = {isa = PBXBuildFile; fileRef = 338EB55E25661107001CFD67 /* OneViewController.xib */; };
		338EB5662566125D001CFD67 /* TwoViewController.swift in Sources */ = {isa = PBXBuildFile; fileRef = 338EB5642566125D001CFD67 /* TwoViewController.swift */; };
		338EB5672566125D001CFD67 /* TwoViewController.xib in Resources */ = {isa = PBXBuildFile; fileRef = 338EB5652566125D001CFD67 /* TwoViewController.xib */; };
		33A620132565003E00497D4B /* AppDelegate.swift in Sources */ = {isa = PBXBuildFile; fileRef = 33A620122565003E00497D4B /* AppDelegate.swift */; };
		33A620172565003E00497D4B /* ViewController.swift in Sources */ = {isa = PBXBuildFile; fileRef = 33A620162565003E00497D4B /* ViewController.swift */; };
		33A6201A2565003E00497D4B /* Main.storyboard in Resources */ = {isa = PBXBuildFile; fileRef = 33A620182565003E00497D4B /* Main.storyboard */; };
		33A6201C2565003F00497D4B /* Assets.xcassets in Resources */ = {isa = PBXBuildFile; fileRef = 33A6201B2565003F00497D4B /* Assets.xcassets */; };
		33A6201F2565003F00497D4B /* LaunchScreen.storyboard in Resources */ = {isa = PBXBuildFile; fileRef = 33A6201D2565003F00497D4B /* LaunchScreen.storyboard */; };
		33A6202A2565003F00497D4B /* GXTransitionSampleTests.swift in Sources */ = {isa = PBXBuildFile; fileRef = 33A620292565003F00497D4B /* GXTransitionSampleTests.swift */; };
		33A620352565003F00497D4B /* GXTransitionSampleUITests.swift in Sources */ = {isa = PBXBuildFile; fileRef = 33A620342565003F00497D4B /* GXTransitionSampleUITests.swift */; };
		33A62047256504E700497D4B /* GXAnimationBaseDelegate.swift in Sources */ = {isa = PBXBuildFile; fileRef = 33A62046256504E700497D4B /* GXAnimationBaseDelegate.swift */; };
		33A6204F256524BD00497D4B /* GXAnimationPushDelegate.swift in Sources */ = {isa = PBXBuildFile; fileRef = 33A6204E256524BD00497D4B /* GXAnimationPushDelegate.swift */; };
		33C7B50A25657717005728AB /* UIViewController+GXTransition.swift in Sources */ = {isa = PBXBuildFile; fileRef = 33C7B50925657717005728AB /* UIViewController+GXTransition.swift */; };
/* End PBXBuildFile section */

/* Begin PBXContainerItemProxy section */
		33A620262565003F00497D4B /* PBXContainerItemProxy */ = {
			isa = PBXContainerItemProxy;
			containerPortal = 33A620072565003E00497D4B /* Project object */;
			proxyType = 1;
			remoteGlobalIDString = 33A6200E2565003E00497D4B;
			remoteInfo = GXTransitionSample;
		};
		33A620312565003F00497D4B /* PBXContainerItemProxy */ = {
			isa = PBXContainerItemProxy;
			containerPortal = 33A620072565003E00497D4B /* Project object */;
			proxyType = 1;
			remoteGlobalIDString = 33A6200E2565003E00497D4B;
			remoteInfo = GXTransitionSample;
		};
/* End PBXContainerItemProxy section */

/* Begin PBXFileReference section */
		336A5DB2257A9166001593B7 /* GXAnimationPushEdgeDelegate.swift */ = {isa = PBXFileReference; lastKnownFileType = sourcecode.swift; path = GXAnimationPushEdgeDelegate.swift; sourceTree = "<group>"; };
		336A5DB7257A96EA001593B7 /* GXAnimationPushAllDelegate.swift */ = {isa = PBXFileReference; lastKnownFileType = sourcecode.swift; path = GXAnimationPushAllDelegate.swift; sourceTree = "<group>"; };
		336A5DBF257A9900001593B7 /* GXAnimationSectorDelegate.swift */ = {isa = PBXFileReference; lastKnownFileType = sourcecode.swift; path = GXAnimationSectorDelegate.swift; sourceTree = "<group>"; };
		338EB55D25661107001CFD67 /* OneViewController.swift */ = {isa = PBXFileReference; lastKnownFileType = sourcecode.swift; path = OneViewController.swift; sourceTree = "<group>"; };
		338EB55E25661107001CFD67 /* OneViewController.xib */ = {isa = PBXFileReference; lastKnownFileType = file.xib; path = OneViewController.xib; sourceTree = "<group>"; };
		338EB5642566125D001CFD67 /* TwoViewController.swift */ = {isa = PBXFileReference; lastKnownFileType = sourcecode.swift; path = TwoViewController.swift; sourceTree = "<group>"; };
		338EB5652566125D001CFD67 /* TwoViewController.xib */ = {isa = PBXFileReference; lastKnownFileType = file.xib; path = TwoViewController.xib; sourceTree = "<group>"; };
		33A6200F2565003E00497D4B /* GXTransitionSample.app */ = {isa = PBXFileReference; explicitFileType = wrapper.application; includeInIndex = 0; path = GXTransitionSample.app; sourceTree = BUILT_PRODUCTS_DIR; };
		33A620122565003E00497D4B /* AppDelegate.swift */ = {isa = PBXFileReference; lastKnownFileType = sourcecode.swift; path = AppDelegate.swift; sourceTree = "<group>"; };
		33A620162565003E00497D4B /* ViewController.swift */ = {isa = PBXFileReference; lastKnownFileType = sourcecode.swift; path = ViewController.swift; sourceTree = "<group>"; };
		33A620192565003E00497D4B /* Base */ = {isa = PBXFileReference; lastKnownFileType = file.storyboard; name = Base; path = Base.lproj/Main.storyboard; sourceTree = "<group>"; };
		33A6201B2565003F00497D4B /* Assets.xcassets */ = {isa = PBXFileReference; lastKnownFileType = folder.assetcatalog; path = Assets.xcassets; sourceTree = "<group>"; };
		33A6201E2565003F00497D4B /* Base */ = {isa = PBXFileReference; lastKnownFileType = file.storyboard; name = Base; path = Base.lproj/LaunchScreen.storyboard; sourceTree = "<group>"; };
		33A620202565003F00497D4B /* Info.plist */ = {isa = PBXFileReference; lastKnownFileType = text.plist.xml; path = Info.plist; sourceTree = "<group>"; };
		33A620252565003F00497D4B /* GXTransitionSampleTests.xctest */ = {isa = PBXFileReference; explicitFileType = wrapper.cfbundle; includeInIndex = 0; path = GXTransitionSampleTests.xctest; sourceTree = BUILT_PRODUCTS_DIR; };
		33A620292565003F00497D4B /* GXTransitionSampleTests.swift */ = {isa = PBXFileReference; lastKnownFileType = sourcecode.swift; path = GXTransitionSampleTests.swift; sourceTree = "<group>"; };
		33A6202B2565003F00497D4B /* Info.plist */ = {isa = PBXFileReference; lastKnownFileType = text.plist.xml; path = Info.plist; sourceTree = "<group>"; };
		33A620302565003F00497D4B /* GXTransitionSampleUITests.xctest */ = {isa = PBXFileReference; explicitFileType = wrapper.cfbundle; includeInIndex = 0; path = GXTransitionSampleUITests.xctest; sourceTree = BUILT_PRODUCTS_DIR; };
		33A620342565003F00497D4B /* GXTransitionSampleUITests.swift */ = {isa = PBXFileReference; lastKnownFileType = sourcecode.swift; path = GXTransitionSampleUITests.swift; sourceTree = "<group>"; };
		33A620362565003F00497D4B /* Info.plist */ = {isa = PBXFileReference; lastKnownFileType = text.plist.xml; path = Info.plist; sourceTree = "<group>"; };
		33A62046256504E700497D4B /* GXAnimationBaseDelegate.swift */ = {isa = PBXFileReference; lastKnownFileType = sourcecode.swift; path = GXAnimationBaseDelegate.swift; sourceTree = "<group>"; };
		33A6204E256524BD00497D4B /* GXAnimationPushDelegate.swift */ = {isa = PBXFileReference; lastKnownFileType = sourcecode.swift; path = GXAnimationPushDelegate.swift; sourceTree = "<group>"; };
		33C7B50925657717005728AB /* UIViewController+GXTransition.swift */ = {isa = PBXFileReference; lastKnownFileType = sourcecode.swift; path = "UIViewController+GXTransition.swift"; sourceTree = "<group>"; };
/* End PBXFileReference section */

/* Begin PBXFrameworksBuildPhase section */
		33A6200C2565003E00497D4B /* Frameworks */ = {
			isa = PBXFrameworksBuildPhase;
			buildActionMask = 2147483647;
			files = (
			);
			runOnlyForDeploymentPostprocessing = 0;
		};
		33A620222565003F00497D4B /* Frameworks */ = {
			isa = PBXFrameworksBuildPhase;
			buildActionMask = 2147483647;
			files = (
			);
			runOnlyForDeploymentPostprocessing = 0;
		};
		33A6202D2565003F00497D4B /* Frameworks */ = {
			isa = PBXFrameworksBuildPhase;
			buildActionMask = 2147483647;
			files = (
			);
			runOnlyForDeploymentPostprocessing = 0;
		};
/* End PBXFrameworksBuildPhase section */

/* Begin PBXGroup section */
		33A620062565003E00497D4B = {
			isa = PBXGroup;
			children = (
				33A620112565003E00497D4B /* GXTransitionSample */,
				33A620282565003F00497D4B /* GXTransitionSampleTests */,
				33A620332565003F00497D4B /* GXTransitionSampleUITests */,
				33A620102565003E00497D4B /* Products */,
			);
			sourceTree = "<group>";
		};
		33A620102565003E00497D4B /* Products */ = {
			isa = PBXGroup;
			children = (
				33A6200F2565003E00497D4B /* GXTransitionSample.app */,
				33A620252565003F00497D4B /* GXTransitionSampleTests.xctest */,
				33A620302565003F00497D4B /* GXTransitionSampleUITests.xctest */,
			);
			name = Products;
			sourceTree = "<group>";
		};
		33A620112565003E00497D4B /* GXTransitionSample */ = {
			isa = PBXGroup;
			children = (
				33A620452565006E00497D4B /* GXTransition-Swift */,
				33A620122565003E00497D4B /* AppDelegate.swift */,
				33A620162565003E00497D4B /* ViewController.swift */,
				338EB55D25661107001CFD67 /* OneViewController.swift */,
				338EB55E25661107001CFD67 /* OneViewController.xib */,
				338EB5642566125D001CFD67 /* TwoViewController.swift */,
				338EB5652566125D001CFD67 /* TwoViewController.xib */,
				33A6201B2565003F00497D4B /* Assets.xcassets */,
				33A620182565003E00497D4B /* Main.storyboard */,
				33A6201D2565003F00497D4B /* LaunchScreen.storyboard */,
				33A620202565003F00497D4B /* Info.plist */,
			);
			path = GXTransitionSample;
			sourceTree = "<group>";
		};
		33A620282565003F00497D4B /* GXTransitionSampleTests */ = {
			isa = PBXGroup;
			children = (
				33A620292565003F00497D4B /* GXTransitionSampleTests.swift */,
				33A6202B2565003F00497D4B /* Info.plist */,
			);
			path = GXTransitionSampleTests;
			sourceTree = "<group>";
		};
		33A620332565003F00497D4B /* GXTransitionSampleUITests */ = {
			isa = PBXGroup;
			children = (
				33A620342565003F00497D4B /* GXTransitionSampleUITests.swift */,
				33A620362565003F00497D4B /* Info.plist */,
			);
			path = GXTransitionSampleUITests;
			sourceTree = "<group>";
		};
		33A620452565006E00497D4B /* GXTransition-Swift */ = {
			isa = PBXGroup;
			children = (
				33C7B50925657717005728AB /* UIViewController+GXTransition.swift */,
				33A62046256504E700497D4B /* GXAnimationBaseDelegate.swift */,
				33A6204E256524BD00497D4B /* GXAnimationPushDelegate.swift */,
				336A5DB2257A9166001593B7 /* GXAnimationPushEdgeDelegate.swift */,
				336A5DB7257A96EA001593B7 /* GXAnimationPushAllDelegate.swift */,
				336A5DBF257A9900001593B7 /* GXAnimationSectorDelegate.swift */,
			);
			name = "GXTransition-Swift";
			path = "../../GXTransition-Swift";
			sourceTree = "<group>";
		};
/* End PBXGroup section */

/* Begin PBXNativeTarget section */
		33A6200E2565003E00497D4B /* GXTransitionSample */ = {
			isa = PBXNativeTarget;
			buildConfigurationList = 33A620392565003F00497D4B /* Build configuration list for PBXNativeTarget "GXTransitionSample" */;
			buildPhases = (
				33A6200B2565003E00497D4B /* Sources */,
				33A6200C2565003E00497D4B /* Frameworks */,
				33A6200D2565003E00497D4B /* Resources */,
			);
			buildRules = (
			);
			dependencies = (
			);
			name = GXTransitionSample;
			productName = GXTransitionSample;
			productReference = 33A6200F2565003E00497D4B /* GXTransitionSample.app */;
			productType = "com.apple.product-type.application";
		};
		33A620242565003F00497D4B /* GXTransitionSampleTests */ = {
			isa = PBXNativeTarget;
			buildConfigurationList = 33A6203C2565003F00497D4B /* Build configuration list for PBXNativeTarget "GXTransitionSampleTests" */;
			buildPhases = (
				33A620212565003F00497D4B /* Sources */,
				33A620222565003F00497D4B /* Frameworks */,
				33A620232565003F00497D4B /* Resources */,
			);
			buildRules = (
			);
			dependencies = (
				33A620272565003F00497D4B /* PBXTargetDependency */,
			);
			name = GXTransitionSampleTests;
			productName = GXTransitionSampleTests;
			productReference = 33A620252565003F00497D4B /* GXTransitionSampleTests.xctest */;
			productType = "com.apple.product-type.bundle.unit-test";
		};
		33A6202F2565003F00497D4B /* GXTransitionSampleUITests */ = {
			isa = PBXNativeTarget;
			buildConfigurationList = 33A6203F2565003F00497D4B /* Build configuration list for PBXNativeTarget "GXTransitionSampleUITests" */;
			buildPhases = (
				33A6202C2565003F00497D4B /* Sources */,
				33A6202D2565003F00497D4B /* Frameworks */,
				33A6202E2565003F00497D4B /* Resources */,
			);
			buildRules = (
			);
			dependencies = (
				33A620322565003F00497D4B /* PBXTargetDependency */,
			);
			name = GXTransitionSampleUITests;
			productName = GXTransitionSampleUITests;
			productReference = 33A620302565003F00497D4B /* GXTransitionSampleUITests.xctest */;
			productType = "com.apple.product-type.bundle.ui-testing";
		};
/* End PBXNativeTarget section */

/* Begin PBXProject section */
		33A620072565003E00497D4B /* Project object */ = {
			isa = PBXProject;
			attributes = {
				LastSwiftUpdateCheck = 1220;
				LastUpgradeCheck = 1220;
				TargetAttributes = {
					33A6200E2565003E00497D4B = {
						CreatedOnToolsVersion = 12.2;
					};
					33A620242565003F00497D4B = {
						CreatedOnToolsVersion = 12.2;
						TestTargetID = 33A6200E2565003E00497D4B;
					};
					33A6202F2565003F00497D4B = {
						CreatedOnToolsVersion = 12.2;
						TestTargetID = 33A6200E2565003E00497D4B;
					};
				};
			};
			buildConfigurationList = 33A6200A2565003E00497D4B /* Build configuration list for PBXProject "GXTransitionSample" */;
			compatibilityVersion = "Xcode 9.3";
			developmentRegion = en;
			hasScannedForEncodings = 0;
			knownRegions = (
				en,
				Base,
			);
			mainGroup = 33A620062565003E00497D4B;
			productRefGroup = 33A620102565003E00497D4B /* Products */;
			projectDirPath = "";
			projectRoot = "";
			targets = (
				33A6200E2565003E00497D4B /* GXTransitionSample */,
				33A620242565003F00497D4B /* GXTransitionSampleTests */,
				33A6202F2565003F00497D4B /* GXTransitionSampleUITests */,
			);
		};
/* End PBXProject section */

/* Begin PBXResourcesBuildPhase section */
		33A6200D2565003E00497D4B /* Resources */ = {
			isa = PBXResourcesBuildPhase;
			buildActionMask = 2147483647;
			files = (
				33A6201F2565003F00497D4B /* LaunchScreen.storyboard in Resources */,
				33A6201C2565003F00497D4B /* Assets.xcassets in Resources */,
				33A6201A2565003E00497D4B /* Main.storyboard in Resources */,
				338EB5672566125D001CFD67 /* TwoViewController.xib in Resources */,
				338EB56025661107001CFD67 /* OneViewController.xib in Resources */,
			);
			runOnlyForDeploymentPostprocessing = 0;
		};
		33A620232565003F00497D4B /* Resources */ = {
			isa = PBXResourcesBuildPhase;
			buildActionMask = 2147483647;
			files = (
			);
			runOnlyForDeploymentPostprocessing = 0;
		};
		33A6202E2565003F00497D4B /* Resources */ = {
			isa = PBXResourcesBuildPhase;
			buildActionMask = 2147483647;
			files = (
			);
			runOnlyForDeploymentPostprocessing = 0;
		};
/* End PBXResourcesBuildPhase section */

/* Begin PBXSourcesBuildPhase section */
		33A6200B2565003E00497D4B /* Sources */ = {
			isa = PBXSourcesBuildPhase;
			buildActionMask = 2147483647;
			files = (
				33A6204F256524BD00497D4B /* GXAnimationPushDelegate.swift in Sources */,
				336A5DB3257A9166001593B7 /* GXAnimationPushEdgeDelegate.swift in Sources */,
				33A620172565003E00497D4B /* ViewController.swift in Sources */,
				33C7B50A25657717005728AB /* UIViewController+GXTransition.swift in Sources */,
				338EB5662566125D001CFD67 /* TwoViewController.swift in Sources */,
				33A62047256504E700497D4B /* GXAnimationBaseDelegate.swift in Sources */,
				336A5DC0257A9900001593B7 /* GXAnimationSectorDelegate.swift in Sources */,
				336A5DB8257A96EA001593B7 /* GXAnimationPushAllDelegate.swift in Sources */,
				33A620132565003E00497D4B /* AppDelegate.swift in Sources */,
				338EB55F25661107001CFD67 /* OneViewController.swift in Sources */,
			);
			runOnlyForDeploymentPostprocessing = 0;
		};
		33A620212565003F00497D4B /* Sources */ = {
			isa = PBXSourcesBuildPhase;
			buildActionMask = 2147483647;
			files = (
				33A6202A2565003F00497D4B /* GXTransitionSampleTests.swift in Sources */,
			);
			runOnlyForDeploymentPostprocessing = 0;
		};
		33A6202C2565003F00497D4B /* Sources */ = {
			isa = PBXSourcesBuildPhase;
			buildActionMask = 2147483647;
			files = (
				33A620352565003F00497D4B /* GXTransitionSampleUITests.swift in Sources */,
			);
			runOnlyForDeploymentPostprocessing = 0;
		};
/* End PBXSourcesBuildPhase section */

/* Begin PBXTargetDependency section */
		33A620272565003F00497D4B /* PBXTargetDependency */ = {
			isa = PBXTargetDependency;
			target = 33A6200E2565003E00497D4B /* GXTransitionSample */;
			targetProxy = 33A620262565003F00497D4B /* PBXContainerItemProxy */;
		};
		33A620322565003F00497D4B /* PBXTargetDependency */ = {
			isa = PBXTargetDependency;
			target = 33A6200E2565003E00497D4B /* GXTransitionSample */;
			targetProxy = 33A620312565003F00497D4B /* PBXContainerItemProxy */;
		};
/* End PBXTargetDependency section */

/* Begin PBXVariantGroup section */
		33A620182565003E00497D4B /* Main.storyboard */ = {
			isa = PBXVariantGroup;
			children = (
				33A620192565003E00497D4B /* Base */,
			);
			name = Main.storyboard;
			sourceTree = "<group>";
		};
		33A6201D2565003F00497D4B /* LaunchScreen.storyboard */ = {
			isa = PBXVariantGroup;
			children = (
				33A6201E2565003F00497D4B /* Base */,
			);
			name = LaunchScreen.storyboard;
			sourceTree = "<group>";
		};
/* End PBXVariantGroup section */

/* Begin XCBuildConfiguration section */
		33A620372565003F00497D4B /* Debug */ = {
			isa = XCBuildConfiguration;
			buildSettings = {
				ALWAYS_SEARCH_USER_PATHS = NO;
				CLANG_ANALYZER_NONNULL = YES;
				CLANG_ANALYZER_NUMBER_OBJECT_CONVERSION = YES_AGGRESSIVE;
				CLANG_CXX_LANGUAGE_STANDARD = "gnu++14";
				CLANG_CXX_LIBRARY = "libc++";
				CLANG_ENABLE_MODULES = YES;
				CLANG_ENABLE_OBJC_ARC = YES;
				CLANG_ENABLE_OBJC_WEAK = YES;
				CLANG_WARN_BLOCK_CAPTURE_AUTORELEASING = YES;
				CLANG_WARN_BOOL_CONVERSION = YES;
				CLANG_WARN_COMMA = YES;
				CLANG_WARN_CONSTANT_CONVERSION = YES;
				CLANG_WARN_DEPRECATED_OBJC_IMPLEMENTATIONS = YES;
				CLANG_WARN_DIRECT_OBJC_ISA_USAGE = YES_ERROR;
				CLANG_WARN_DOCUMENTATION_COMMENTS = YES;
				CLANG_WARN_EMPTY_BODY = YES;
				CLANG_WARN_ENUM_CONVERSION = YES;
				CLANG_WARN_INFINITE_RECURSION = YES;
				CLANG_WARN_INT_CONVERSION = YES;
				CLANG_WARN_NON_LITERAL_NULL_CONVERSION = YES;
				CLANG_WARN_OBJC_IMPLICIT_RETAIN_SELF = YES;
				CLANG_WARN_OBJC_LITERAL_CONVERSION = YES;
				CLANG_WARN_OBJC_ROOT_CLASS = YES_ERROR;
				CLANG_WARN_QUOTED_INCLUDE_IN_FRAMEWORK_HEADER = YES;
				CLANG_WARN_RANGE_LOOP_ANALYSIS = YES;
				CLANG_WARN_STRICT_PROTOTYPES = YES;
				CLANG_WARN_SUSPICIOUS_MOVE = YES;
				CLANG_WARN_UNGUARDED_AVAILABILITY = YES_AGGRESSIVE;
				CLANG_WARN_UNREACHABLE_CODE = YES;
				CLANG_WARN__DUPLICATE_METHOD_MATCH = YES;
				COPY_PHASE_STRIP = NO;
				DEBUG_INFORMATION_FORMAT = dwarf;
				ENABLE_STRICT_OBJC_MSGSEND = YES;
				ENABLE_TESTABILITY = YES;
				GCC_C_LANGUAGE_STANDARD = gnu11;
				GCC_DYNAMIC_NO_PIC = NO;
				GCC_NO_COMMON_BLOCKS = YES;
				GCC_OPTIMIZATION_LEVEL = 0;
				GCC_PREPROCESSOR_DEFINITIONS = (
					"DEBUG=1",
					"$(inherited)",
				);
				GCC_WARN_64_TO_32_BIT_CONVERSION = YES;
				GCC_WARN_ABOUT_RETURN_TYPE = YES_ERROR;
				GCC_WARN_UNDECLARED_SELECTOR = YES;
				GCC_WARN_UNINITIALIZED_AUTOS = YES_AGGRESSIVE;
				GCC_WARN_UNUSED_FUNCTION = YES;
				GCC_WARN_UNUSED_VARIABLE = YES;
				IPHONEOS_DEPLOYMENT_TARGET = 14.2;
				MTL_ENABLE_DEBUG_INFO = INCLUDE_SOURCE;
				MTL_FAST_MATH = YES;
				ONLY_ACTIVE_ARCH = YES;
				SDKROOT = iphoneos;
				SWIFT_ACTIVE_COMPILATION_CONDITIONS = DEBUG;
				SWIFT_OPTIMIZATION_LEVEL = "-Onone";
			};
			name = Debug;
		};
		33A620382565003F00497D4B /* Release */ = {
			isa = XCBuildConfiguration;
			buildSettings = {
				ALWAYS_SEARCH_USER_PATHS = NO;
				CLANG_ANALYZER_NONNULL = YES;
				CLANG_ANALYZER_NUMBER_OBJECT_CONVERSION = YES_AGGRESSIVE;
				CLANG_CXX_LANGUAGE_STANDARD = "gnu++14";
				CLANG_CXX_LIBRARY = "libc++";
				CLANG_ENABLE_MODULES = YES;
				CLANG_ENABLE_OBJC_ARC = YES;
				CLANG_ENABLE_OBJC_WEAK = YES;
				CLANG_WARN_BLOCK_CAPTURE_AUTORELEASING = YES;
				CLANG_WARN_BOOL_CONVERSION = YES;
				CLANG_WARN_COMMA = YES;
				CLANG_WARN_CONSTANT_CONVERSION = YES;
				CLANG_WARN_DEPRECATED_OBJC_IMPLEMENTATIONS = YES;
				CLANG_WARN_DIRECT_OBJC_ISA_USAGE = YES_ERROR;
				CLANG_WARN_DOCUMENTATION_COMMENTS = YES;
				CLANG_WARN_EMPTY_BODY = YES;
				CLANG_WARN_ENUM_CONVERSION = YES;
				CLANG_WARN_INFINITE_RECURSION = YES;
				CLANG_WARN_INT_CONVERSION = YES;
				CLANG_WARN_NON_LITERAL_NULL_CONVERSION = YES;
				CLANG_WARN_OBJC_IMPLICIT_RETAIN_SELF = YES;
				CLANG_WARN_OBJC_LITERAL_CONVERSION = YES;
				CLANG_WARN_OBJC_ROOT_CLASS = YES_ERROR;
				CLANG_WARN_QUOTED_INCLUDE_IN_FRAMEWORK_HEADER = YES;
				CLANG_WARN_RANGE_LOOP_ANALYSIS = YES;
				CLANG_WARN_STRICT_PROTOTYPES = YES;
				CLANG_WARN_SUSPICIOUS_MOVE = YES;
				CLANG_WARN_UNGUARDED_AVAILABILITY = YES_AGGRESSIVE;
				CLANG_WARN_UNREACHABLE_CODE = YES;
				CLANG_WARN__DUPLICATE_METHOD_MATCH = YES;
				COPY_PHASE_STRIP = NO;
				DEBUG_INFORMATION_FORMAT = "dwarf-with-dsym";
				ENABLE_NS_ASSERTIONS = NO;
				ENABLE_STRICT_OBJC_MSGSEND = YES;
				GCC_C_LANGUAGE_STANDARD = gnu11;
				GCC_NO_COMMON_BLOCKS = YES;
				GCC_WARN_64_TO_32_BIT_CONVERSION = YES;
				GCC_WARN_ABOUT_RETURN_TYPE = YES_ERROR;
				GCC_WARN_UNDECLARED_SELECTOR = YES;
				GCC_WARN_UNINITIALIZED_AUTOS = YES_AGGRESSIVE;
				GCC_WARN_UNUSED_FUNCTION = YES;
				GCC_WARN_UNUSED_VARIABLE = YES;
				IPHONEOS_DEPLOYMENT_TARGET = 14.2;
				MTL_ENABLE_DEBUG_INFO = NO;
				MTL_FAST_MATH = YES;
				SDKROOT = iphoneos;
				SWIFT_COMPILATION_MODE = wholemodule;
				SWIFT_OPTIMIZATION_LEVEL = "-O";
				VALIDATE_PRODUCT = YES;
			};
			name = Release;
		};
		33A6203A2565003F00497D4B /* Debug */ = {
			isa = XCBuildConfiguration;
			buildSettings = {
				ASSETCATALOG_COMPILER_APPICON_NAME = AppIcon;
				ASSETCATALOG_COMPILER_GLOBAL_ACCENT_COLOR_NAME = AccentColor;
				CODE_SIGN_STYLE = Automatic;
				DEVELOPMENT_TEAM = L54KZN9KMH;
				INFOPLIST_FILE = GXTransitionSample/Info.plist;
				IPHONEOS_DEPLOYMENT_TARGET = 9.0;
				LD_RUNPATH_SEARCH_PATHS = (
					"$(inherited)",
					"@executable_path/Frameworks",
				);
				PRODUCT_BUNDLE_IDENTIFIER = com.cn.gin.GXTransitionSample;
				PRODUCT_NAME = "$(TARGET_NAME)";
				SWIFT_VERSION = 5.0;
				TARGETED_DEVICE_FAMILY = "1,2";
			};
			name = Debug;
		};
		33A6203B2565003F00497D4B /* Release */ = {
			isa = XCBuildConfiguration;
			buildSettings = {
				ASSETCATALOG_COMPILER_APPICON_NAME = AppIcon;
				ASSETCATALOG_COMPILER_GLOBAL_ACCENT_COLOR_NAME = AccentColor;
				CODE_SIGN_STYLE = Automatic;
				DEVELOPMENT_TEAM = L54KZN9KMH;
				INFOPLIST_FILE = GXTransitionSample/Info.plist;
				IPHONEOS_DEPLOYMENT_TARGET = 9.0;
				LD_RUNPATH_SEARCH_PATHS = (
					"$(inherited)",
					"@executable_path/Frameworks",
				);
				PRODUCT_BUNDLE_IDENTIFIER = com.gin.GXTransitionSample;
				PRODUCT_NAME = "$(TARGET_NAME)";
				SWIFT_VERSION = 5.0;
				TARGETED_DEVICE_FAMILY = "1,2";
			};
			name = Release;
		};
		33A6203D2565003F00497D4B /* Debug */ = {
			isa = XCBuildConfiguration;
			buildSettings = {
				ALWAYS_EMBED_SWIFT_STANDARD_LIBRARIES = YES;
				BUNDLE_LOADER = "$(TEST_HOST)";
				CODE_SIGN_STYLE = Automatic;
				DEVELOPMENT_TEAM = L54KZN9KMH;
				INFOPLIST_FILE = GXTransitionSampleTests/Info.plist;
				IPHONEOS_DEPLOYMENT_TARGET = 14.2;
				LD_RUNPATH_SEARCH_PATHS = (
					"$(inherited)",
					"@executable_path/Frameworks",
					"@loader_path/Frameworks",
				);
				PRODUCT_BUNDLE_IDENTIFIER = com.gin.GXTransitionSampleTests;
				PRODUCT_NAME = "$(TARGET_NAME)";
				SWIFT_VERSION = 5.0;
				TARGETED_DEVICE_FAMILY = "1,2";
				TEST_HOST = "$(BUILT_PRODUCTS_DIR)/GXTransitionSample.app/GXTransitionSample";
			};
			name = Debug;
		};
		33A6203E2565003F00497D4B /* Release */ = {
			isa = XCBuildConfiguration;
			buildSettings = {
				ALWAYS_EMBED_SWIFT_STANDARD_LIBRARIES = YES;
				BUNDLE_LOADER = "$(TEST_HOST)";
				CODE_SIGN_STYLE = Automatic;
				DEVELOPMENT_TEAM = L54KZN9KMH;
				INFOPLIST_FILE = GXTransitionSampleTests/Info.plist;
				IPHONEOS_DEPLOYMENT_TARGET = 14.2;
				LD_RUNPATH_SEARCH_PATHS = (
					"$(inherited)",
					"@executable_path/Frameworks",
					"@loader_path/Frameworks",
				);
				PRODUCT_BUNDLE_IDENTIFIER = com.gin.GXTransitionSampleTests;
				PRODUCT_NAME = "$(TARGET_NAME)";
				SWIFT_VERSION = 5.0;
				TARGETED_DEVICE_FAMILY = "1,2";
				TEST_HOST = "$(BUILT_PRODUCTS_DIR)/GXTransitionSample.app/GXTransitionSample";
			};
			name = Release;
		};
		33A620402565003F00497D4B /* Debug */ = {
			isa = XCBuildConfiguration;
			buildSettings = {
				ALWAYS_EMBED_SWIFT_STANDARD_LIBRARIES = YES;
				CODE_SIGN_STYLE = Automatic;
				DEVELOPMENT_TEAM = L54KZN9KMH;
				INFOPLIST_FILE = GXTransitionSampleUITests/Info.plist;
				LD_RUNPATH_SEARCH_PATHS = (
					"$(inherited)",
					"@executable_path/Frameworks",
					"@loader_path/Frameworks",
				);
				PRODUCT_BUNDLE_IDENTIFIER = com.gin.GXTransitionSampleUITests;
				PRODUCT_NAME = "$(TARGET_NAME)";
				SWIFT_VERSION = 5.0;
				TARGETED_DEVICE_FAMILY = "1,2";
				TEST_TARGET_NAME = GXTransitionSample;
			};
			name = Debug;
		};
		33A620412565003F00497D4B /* Release */ = {
			isa = XCBuildConfiguration;
			buildSettings = {
				ALWAYS_EMBED_SWIFT_STANDARD_LIBRARIES = YES;
				CODE_SIGN_STYLE = Automatic;
				DEVELOPMENT_TEAM = L54KZN9KMH;
				INFOPLIST_FILE = GXTransitionSampleUITests/Info.plist;
				LD_RUNPATH_SEARCH_PATHS = (
					"$(inherited)",
					"@executable_path/Frameworks",
					"@loader_path/Frameworks",
				);
				PRODUCT_BUNDLE_IDENTIFIER = com.gin.GXTransitionSampleUITests;
				PRODUCT_NAME = "$(TARGET_NAME)";
				SWIFT_VERSION = 5.0;
				TARGETED_DEVICE_FAMILY = "1,2";
				TEST_TARGET_NAME = GXTransitionSample;
			};
			name = Release;
		};
/* End XCBuildConfiguration section */

/* Begin XCConfigurationList section */
		33A6200A2565003E00497D4B /* Build configuration list for PBXProject "GXTransitionSample" */ = {
			isa = XCConfigurationList;
			buildConfigurations = (
				33A620372565003F00497D4B /* Debug */,
				33A620382565003F00497D4B /* Release */,
			);
			defaultConfigurationIsVisible = 0;
			defaultConfigurationName = Release;
		};
		33A620392565003F00497D4B /* Build configuration list for PBXNativeTarget "GXTransitionSample" */ = {
			isa = XCConfigurationList;
			buildConfigurations = (
				33A6203A2565003F00497D4B /* Debug */,
				33A6203B2565003F00497D4B /* Release */,
			);
			defaultConfigurationIsVisible = 0;
			defaultConfigurationName = Release;
		};
		33A6203C2565003F00497D4B /* Build configuration list for PBXNativeTarget "GXTransitionSampleTests" */ = {
			isa = XCConfigurationList;
			buildConfigurations = (
				33A6203D2565003F00497D4B /* Debug */,
				33A6203E2565003F00497D4B /* Release */,
			);
			defaultConfigurationIsVisible = 0;
			defaultConfigurationName = Release;
		};
		33A6203F2565003F00497D4B /* Build configuration list for PBXNativeTarget "GXTransitionSampleUITests" */ = {
			isa = XCConfigurationList;
			buildConfigurations = (
				33A620402565003F00497D4B /* Debug */,
				33A620412565003F00497D4B /* Release */,
			);
			defaultConfigurationIsVisible = 0;
			defaultConfigurationName = Release;
		};
/* End XCConfigurationList section */
	};
	rootObject = 33A620072565003E00497D4B /* Project object */;
}
